<?xml version="1.0" encoding="utf-8"?>
<Project ToolsVersion="4.0" xmlns="http://schemas.microsoft.com/developer/msbuild/2003">
  <ItemGroup>
    <Filter Include="Asemu Header Files">
      <UniqueIdentifier>{dc39d957-db93-4757-89e2-91d786173733}</UniqueIdentifier>
    </Filter>
    <Filter Include="Asemu Source Files">
      <UniqueIdentifier>{e5af86e3-ef72-42c8-93b0-fe3d145236db}</UniqueIdentifier>
    </Filter>
    <Filter Include="Asemu Assembly Files">
      <UniqueIdentifier>{f83e3f0b-c7e9-4264-aa90-22e8eb247a58}</UniqueIdentifier>
    </Filter>
  </ItemGroup>
  <ItemGroup>
    <Text Include="assembly.txt">
      <Filter>Asemu Assembly Files</Filter>
    </Text>
  </ItemGroup>
  <ItemGroup>
    <ClCompile Include="Parser.cpp">
      <Filter>Asemu Source Files</Filter>
    </ClCompile>
    <ClCompile Include="Instruction.cpp">
      <Filter>Asemu Source Files</Filter>
    </ClCompile>
    <ClCompile Include="Assembler.cpp">
      <Filter>Asemu Source Files</Filter>
    </ClCompile>
    <ClCompile Include="MicroOperation.cpp">
      <Filter>Asemu Source Files</Filter>
    </ClCompile>
    <ClCompile Include="Executor.cpp">
      <Filter>Asemu Source Files</Filter>
    </ClCompile>
    <ClCompile Include="Processor.cpp">
      <Filter>Asemu Source Files</Filter>
    </ClCompile>
    <ClCompile Include="main.cpp">
      <Filter>Asemu Source Files</Filter>
    </ClCompile>
    <ClCompile Include="InstructionDecoder.cpp">
      <Filter>Asemu Source Files</Filter>
    </ClCompile>
  </ItemGroup>
  <ItemGroup>
    <ClInclude Include="Parser.hpp">
      <Filter>Asemu Header Files</Filter>
    </ClInclude>
    <ClInclude Include="Instruction.hpp">
      <Filter>Asemu Header Files</Filter>
    </ClInclude>
    <ClInclude Include="Assembler.hpp">
      <Filter>Asemu Header Files</Filter>
    </ClInclude>
    <ClInclude Include="MicroOperation.hpp">
      <Filter>Asemu Header Files</Filter>
    </ClInclude>
    <ClInclude Include="Addressing.hpp">
      <Filter>Asemu Header Files</Filter>
    </ClInclude>
    <ClInclude Include="OpFlags.hpp">
      <Filter>Asemu Header Files</Filter>
    </ClInclude>
    <ClInclude Include="Executor.hpp">
      <Filter>Asemu Header Files</Filter>
    </ClInclude>
    <ClInclude Include="Processor.hpp">
      <Filter>Asemu Header Files</Filter>
    </ClInclude>
    <ClInclude Include="InstructionDecoder.hpp">
      <Filter>Asemu Header Files</Filter>
    </ClInclude>
    <ClInclude Include="Literals.hpp">
      <Filter>Asemu Header Files</Filter>
    </ClInclude>
  </ItemGroup>
</Project>